
Microsoft Visual Studio Solution File, Format Version 12.00
# Visual Studio Version 17
VisualStudioVersion = 17.6.33927.249
MinimumVisualStudioVersion = 10.0.40219.1
Project("{9A19103F-16F7-4668-BE54-9A1E7A4F7556}") = "StudentPortal", "StudentPortal\StudentPortal.csproj", "{AA9608E7-5C08-4DBC-A435-3DE83BBBB3C5}"
EndProject
Project("{2150E333-8FDC-42A3-9474-1A3956D46DE8}") = "DB", "DB", "{84BFB2EA-1E43-4558-BF7C-55637C534CDE}"
EndProject
Project("{2150E333-8FDC-42A3-9474-1A3956D46DE8}") = "DataAccessLayers", "DataAccessLayers", "{58F87451-8334-427E-9A79-52E50B71E80E}"
EndProject
Project("{2150E333-8FDC-42A3-9474-1A3956D46DE8}") = "SolutionItems", "SolutionItems", "{7A330A58-CB81-45C4-B460-89076211ABB4}"
EndProject
Project("{9A19103F-16F7-4668-BE54-9A1E7A4F7556}") = "Entities", "Entities\Entities.csproj", "{07669EA5-FC51-487C-A49A-A0A81B75C3D2}"
EndProject
Project("{9A19103F-16F7-4668-BE54-9A1E7A4F7556}") = "BaseDB", "BaseDB\BaseDB.csproj", "{5B0AC069-A7BA-4A0F-97DC-894473D283B0}"
EndProject
Project("{9A19103F-16F7-4668-BE54-9A1E7A4F7556}") = "DAL", "DAL\DAL.csproj", "{80C65022-35A3-4217-BAC8-5BC3DAA58BAD}"
EndProject
Project("{9A19103F-16F7-4668-BE54-9A1E7A4F7556}") = "Repository", "Repository\Repository.csproj", "{2F6FEAEB-2B3B-4708-9351-75FC37AE3F7E}"
EndProject
Project("{9A19103F-16F7-4668-BE54-9A1E7A4F7556}") = "Contracts", "Contracts\Contracts.csproj", "{36A614EC-0FD3-4C32-9652-719B46879093}"
EndProject
Project("{9A19103F-16F7-4668-BE54-9A1E7A4F7556}") = "CoreService", "Service\CoreService.csproj", "{2E563E39-D727-4BE6-8AE0-F0BFF04A4685}"
EndProject
Project("{FAE04EC0-301F-11D3-BF4B-00C04F79EFBC}") = "ModelBuilderConfig", "ModelBuilderConfig\ModelBuilderConfig.csproj", "{84AE3448-7F31-469A-B21F-F7913E903150}"
EndProject
Global
	GlobalSection(SolutionConfigurationPlatforms) = preSolution
		Debug|Any CPU = Debug|Any CPU
		Release|Any CPU = Release|Any CPU
	EndGlobalSection
	GlobalSection(ProjectConfigurationPlatforms) = postSolution
		{AA9608E7-5C08-4DBC-A435-3DE83BBBB3C5}.Debug|Any CPU.ActiveCfg = Debug|Any CPU
		{AA9608E7-5C08-4DBC-A435-3DE83BBBB3C5}.Debug|Any CPU.Build.0 = Debug|Any CPU
		{AA9608E7-5C08-4DBC-A435-3DE83BBBB3C5}.Release|Any CPU.ActiveCfg = Release|Any CPU
		{AA9608E7-5C08-4DBC-A435-3DE83BBBB3C5}.Release|Any CPU.Build.0 = Release|Any CPU
		{07669EA5-FC51-487C-A49A-A0A81B75C3D2}.Debug|Any CPU.ActiveCfg = Debug|Any CPU
		{07669EA5-FC51-487C-A49A-A0A81B75C3D2}.Debug|Any CPU.Build.0 = Debug|Any CPU
		{07669EA5-FC51-487C-A49A-A0A81B75C3D2}.Release|Any CPU.ActiveCfg = Release|Any CPU
		{07669EA5-FC51-487C-A49A-A0A81B75C3D2}.Release|Any CPU.Build.0 = Release|Any CPU
		{5B0AC069-A7BA-4A0F-97DC-894473D283B0}.Debug|Any CPU.ActiveCfg = Debug|Any CPU
		{5B0AC069-A7BA-4A0F-97DC-894473D283B0}.Debug|Any CPU.Build.0 = Debug|Any CPU
		{5B0AC069-A7BA-4A0F-97DC-894473D283B0}.Release|Any CPU.ActiveCfg = Release|Any CPU
		{5B0AC069-A7BA-4A0F-97DC-894473D283B0}.Release|Any CPU.Build.0 = Release|Any CPU
		{80C65022-35A3-4217-BAC8-5BC3DAA58BAD}.Debug|Any CPU.ActiveCfg = Debug|Any CPU
		{80C65022-35A3-4217-BAC8-5BC3DAA58BAD}.Debug|Any CPU.Build.0 = Debug|Any CPU
		{80C65022-35A3-4217-BAC8-5BC3DAA58BAD}.Release|Any CPU.ActiveCfg = Release|Any CPU
		{80C65022-35A3-4217-BAC8-5BC3DAA58BAD}.Release|Any CPU.Build.0 = Release|Any CPU
		{2F6FEAEB-2B3B-4708-9351-75FC37AE3F7E}.Debug|Any CPU.ActiveCfg = Debug|Any CPU
		{2F6FEAEB-2B3B-4708-9351-75FC37AE3F7E}.Debug|Any CPU.Build.0 = Debug|Any CPU
		{2F6FEAEB-2B3B-4708-9351-75FC37AE3F7E}.Release|Any CPU.ActiveCfg = Release|Any CPU
		{2F6FEAEB-2B3B-4708-9351-75FC37AE3F7E}.Release|Any CPU.Build.0 = Release|Any CPU
		{36A614EC-0FD3-4C32-9652-719B46879093}.Debug|Any CPU.ActiveCfg = Debug|Any CPU
		{36A614EC-0FD3-4C32-9652-719B46879093}.Debug|Any CPU.Build.0 = Debug|Any CPU
		{36A614EC-0FD3-4C32-9652-719B46879093}.Release|Any CPU.ActiveCfg = Release|Any CPU
		{36A614EC-0FD3-4C32-9652-719B46879093}.Release|Any CPU.Build.0 = Release|Any CPU
		{2E563E39-D727-4BE6-8AE0-F0BFF04A4685}.Debug|Any CPU.ActiveCfg = Debug|Any CPU
		{2E563E39-D727-4BE6-8AE0-F0BFF04A4685}.Debug|Any CPU.Build.0 = Debug|Any CPU
		{2E563E39-D727-4BE6-8AE0-F0BFF04A4685}.Release|Any CPU.ActiveCfg = Release|Any CPU
		{2E563E39-D727-4BE6-8AE0-F0BFF04A4685}.Release|Any CPU.Build.0 = Release|Any CPU
		{84AE3448-7F31-469A-B21F-F7913E903150}.Debug|Any CPU.ActiveCfg = Debug|Any CPU
		{84AE3448-7F31-469A-B21F-F7913E903150}.Debug|Any CPU.Build.0 = Debug|Any CPU
		{84AE3448-7F31-469A-B21F-F7913E903150}.Release|Any CPU.ActiveCfg = Release|Any CPU
		{84AE3448-7F31-469A-B21F-F7913E903150}.Release|Any CPU.Build.0 = Release|Any CPU
	EndGlobalSection
	GlobalSection(SolutionProperties) = preSolution
		HideSolutionNode = FALSE
	EndGlobalSection
	GlobalSection(NestedProjects) = preSolution
		{07669EA5-FC51-487C-A49A-A0A81B75C3D2} = {7A330A58-CB81-45C4-B460-89076211ABB4}
		{5B0AC069-A7BA-4A0F-97DC-894473D283B0} = {84BFB2EA-1E43-4558-BF7C-55637C534CDE}
		{80C65022-35A3-4217-BAC8-5BC3DAA58BAD} = {58F87451-8334-427E-9A79-52E50B71E80E}
		{2F6FEAEB-2B3B-4708-9351-75FC37AE3F7E} = {7A330A58-CB81-45C4-B460-89076211ABB4}
		{36A614EC-0FD3-4C32-9652-719B46879093} = {7A330A58-CB81-45C4-B460-89076211ABB4}
		{2E563E39-D727-4BE6-8AE0-F0BFF04A4685} = {7A330A58-CB81-45C4-B460-89076211ABB4}
		{84AE3448-7F31-469A-B21F-F7913E903150} = {84BFB2EA-1E43-4558-BF7C-55637C534CDE}
	EndGlobalSection
	GlobalSection(ExtensibilityGlobals) = postSolution
		SolutionGuid = {47CF622F-B0DA-44EA-BE05-C3F87DCB0E21}
	EndGlobalSection
EndGlobal
